
Microsoft Visual Studio Solution File, Format Version 12.00
# Visual Studio 14
VisualStudioVersion = 14.0.25123.0
MinimumVisualStudioVersion = 10.0.40219.1
Project("{FAE04EC0-301F-11D3-BF4B-00C04F79EFBC}") = "Giqci.PublicWeb", "src\Giqci.PublicWeb\Giqci.PublicWeb.csproj", "{E4698090-B054-4AD2-B85D-B9789D511D27}"
EndProject
Global
	GlobalSection(SolutionConfigurationPlatforms) = preSolution
		Debug|Any CPU = Debug|Any CPU
		Prod|Any CPU = Prod|Any CPU
		Release|Any CPU = Release|Any CPU
		Stage|Any CPU = Stage|Any CPU
	EndGlobalSection
	GlobalSection(ProjectConfigurationPlatforms) = postSolution
		{E4698090-B054-4AD2-B85D-B9789D511D27}.Debug|Any CPU.ActiveCfg = Debug|Any CPU
		{E4698090-B054-4AD2-B85D-B9789D511D27}.Debug|Any CPU.Build.0 = Debug|Any CPU
		{E4698090-B054-4AD2-B85D-B9789D511D27}.Prod|Any CPU.ActiveCfg = Prod|Any CPU
		{E4698090-B054-4AD2-B85D-B9789D511D27}.Prod|Any CPU.Build.0 = Prod|Any CPU
		{E4698090-B054-4AD2-B85D-B9789D511D27}.Release|Any CPU.ActiveCfg = Release|Any CPU
		{E4698090-B054-4AD2-B85D-B9789D511D27}.Release|Any CPU.Build.0 = Release|Any CPU
		{E4698090-B054-4AD2-B85D-B9789D511D27}.Stage|Any CPU.ActiveCfg = Stage|Any CPU
		{E4698090-B054-4AD2-B85D-B9789D511D27}.Stage|Any CPU.Build.0 = Stage|Any CPU
	EndGlobalSection
	GlobalSection(SolutionProperties) = preSolution
		HideSolutionNode = FALSE
	EndGlobalSection
EndGlobal
